{
  "nodes": {
    "disko": {
      "inputs": {
        "nixpkgs": [
          "nixpkgs"
        ]
      },
      "locked": {
        "lastModified": 1753140376,
        "narHash": "sha256-7lrVrE0jSvZHrxEzvnfHFE/Wkk9DDqb+mYCodI5uuB8=",
        "owner": "nix-community",
        "repo": "disko",
        "rev": "545aba02960caa78a31bd9a8709a0ad4b6320a5c",
        "type": "github"
      },
      "original": {
        "owner": "nix-community",
        "repo": "disko",
        "type": "github"
      }
    },
    "mac-emacs-overlay": {
      "inputs": {
        "nixpkgs": [
          "mac-nixpkgs"
        ],
        "nixpkgs-stable": [
          "mac-nixpkgs"
        ]
      },
      "locked": {
        "lastModified": 1787706850,
        "narHash": "sha256-uON4a56IfJOrqaJWkP2IBT6E9wOVXXURI8WAh1FZJCQ=",
        "owner": "nix-community",
        "repo": "emacs-overlay",
        "rev": "2194aca85f485259bbb73a0b3f6fa8c61c59b688",
        "type": "github"
      },
      "original": {
        "owner": "nix-community",
        "repo": "emacs-overlay",
        "type": "github"
      }
    },
    "mac-nixpkgs": {
      "locked": {
        "lastModified": 1782904953,
        "narHash": "sha256-ESJ4VgytmAt+98YLM8466luln4HyEZ9Q36b9+Bb4P5w=",
        "owner": "NixOS",
        "repo": "nixpkgs",
        "rev": "0921fdb3e13e40fe25fbc52b89661a9d6d32ac68",
        "type": "github"
      },
      "original": {
        "owner": "NixOS",
        "ref": "nixpkgs-25.11-darwin",
        "repo": "nixpkgs",
        "type": "github"
      }
    },
    "nix-darwin": {
      "inputs": {
        "nixpkgs": [
          "mac-nixpkgs"
        ]
      },
      "locked": {
        "lastModified": 1772129556,
        "narHash": "sha256-Utk0zd8STPsUJPyjabhzPc5BpPodLTXrwkpXBHYnpeg=",
        "owner": "LnL7",
        "repo": "nix-darwin",
        "rev": "ebec37af18215214173c98cf6356d0aca24a2585",
        "type": "github"
      },
      "original": {
        "owner": "LnL7",
        "ref": "nix-darwin-25.11",
        "repo": "nix-darwin",
        "type": "github"
      }
    },
    "nixpkgs": {
      "locked": {
        "lastModified": 1760931986,
        "narHash": "sha256-CKno4yZEtYfu7eTJfOOTtLLriu670D1PvIGYTMrQnFs=",
        "owner": "NixOS",
        "repo": "nixpkgs",
        "rev": "6fd6c247df156146991e409602a2622577efa35c",
        "type": "github"
      },
      "original": {
        "owner": "NixOS",
        "repo": "nixpkgs",
        "type": "github"
      }
    },
    "root": {
      "inputs": {
        "disko": "disko",
        "mac-emacs-overlay": "mac-emacs-overlay",
        "mac-nixpkgs": "mac-nixpkgs",
        "nix-darwin": "nix-darwin",
        "nixpkgs": "nixpkgs"
      }
    }
  },
  "root": "root",
  "version": 7
}
